
Microsoft Visual Studio Solution File, Format Version 12.00
# Visual Studio Version 16
VisualStudioVersion = 16.0.31702.278
MinimumVisualStudioVersion = 10.0.40219.1
Project("{9A19103F-16F7-4668-BE54-9A1E7A4F7556}") = "BlogMvcCore", "BlogMvcCore\BlogMvcCore.csproj", "{5ACC0AFB-6648-48CE-B26C-9C71F44A543B}"
EndProject
Project("{9A19103F-16F7-4668-BE54-9A1E7A4F7556}") = "DomainModel", "InterfaceModel\DomainModel.csproj", "{E2AD1CE5-FA28-4188-8C4F-CA09871B7CCD}"
EndProject
Project("{9A19103F-16F7-4668-BE54-9A1E7A4F7556}") = "Storage", "Controller\Storage.csproj", "{EE41FE5A-4711-4A18-B9D4-11E1F8163F51}"
EndProject
Project("{FAE04EC0-301F-11D3-BF4B-00C04F79EFBC}") = "TestProject", "TestProject\TestProject.csproj", "{0C8886B5-3A65-4124-8B61-ACEABEB55032}"
EndProject
Global
	GlobalSection(SolutionConfigurationPlatforms) = preSolution
		Debug|Any CPU = Debug|Any CPU
		Release|Any CPU = Release|Any CPU
	EndGlobalSection
	GlobalSection(ProjectConfigurationPlatforms) = postSolution
		{5ACC0AFB-6648-48CE-B26C-9C71F44A543B}.Debug|Any CPU.ActiveCfg = Debug|Any CPU
		{5ACC0AFB-6648-48CE-B26C-9C71F44A543B}.Debug|Any CPU.Build.0 = Debug|Any CPU
		{5ACC0AFB-6648-48CE-B26C-9C71F44A543B}.Release|Any CPU.ActiveCfg = Release|Any CPU
		{5ACC0AFB-6648-48CE-B26C-9C71F44A543B}.Release|Any CPU.Build.0 = Release|Any CPU
		{E2AD1CE5-FA28-4188-8C4F-CA09871B7CCD}.Debug|Any CPU.ActiveCfg = Debug|Any CPU
		{E2AD1CE5-FA28-4188-8C4F-CA09871B7CCD}.Debug|Any CPU.Build.0 = Debug|Any CPU
		{E2AD1CE5-FA28-4188-8C4F-CA09871B7CCD}.Release|Any CPU.ActiveCfg = Release|Any CPU
		{E2AD1CE5-FA28-4188-8C4F-CA09871B7CCD}.Release|Any CPU.Build.0 = Release|Any CPU
		{EE41FE5A-4711-4A18-B9D4-11E1F8163F51}.Debug|Any CPU.ActiveCfg = Debug|Any CPU
		{EE41FE5A-4711-4A18-B9D4-11E1F8163F51}.Debug|Any CPU.Build.0 = Debug|Any CPU
		{EE41FE5A-4711-4A18-B9D4-11E1F8163F51}.Release|Any CPU.ActiveCfg = Release|Any CPU
		{EE41FE5A-4711-4A18-B9D4-11E1F8163F51}.Release|Any CPU.Build.0 = Release|Any CPU
		{0C8886B5-3A65-4124-8B61-ACEABEB55032}.Debug|Any CPU.ActiveCfg = Debug|Any CPU
		{0C8886B5-3A65-4124-8B61-ACEABEB55032}.Debug|Any CPU.Build.0 = Debug|Any CPU
		{0C8886B5-3A65-4124-8B61-ACEABEB55032}.Release|Any CPU.ActiveCfg = Release|Any CPU
		{0C8886B5-3A65-4124-8B61-ACEABEB55032}.Release|Any CPU.Build.0 = Release|Any CPU
	EndGlobalSection
	GlobalSection(SolutionProperties) = preSolution
		HideSolutionNode = FALSE
	EndGlobalSection
	GlobalSection(ExtensibilityGlobals) = postSolution
		SolutionGuid = {23D64512-2DBE-4D2C-B560-620CE32AB55E}
	EndGlobalSection
EndGlobal
